
Microsoft Visual Studio Solution File, Format Version 12.00
# Visual Studio Version 16
VisualStudioVersion = 16.0.31729.503
MinimumVisualStudioVersion = 10.0.40219.1
Project("{FAE04EC0-301F-11D3-BF4B-00C04F79EFBC}") = "Poker2", "Poker2\Poker2.csproj", "{827AB55B-7871-4D7A-BE55-17719CE89136}"
EndProject
Global
	GlobalSection(SolutionConfigurationPlatforms) = preSolution
		Debug|Any CPU = Debug|Any CPU
		Release|Any CPU = Release|Any CPU
	EndGlobalSection
	GlobalSection(ProjectConfigurationPlatforms) = postSolution
		{827AB55B-7871-4D7A-BE55-17719CE89136}.Debug|Any CPU.ActiveCfg = Debug|Any CPU
		{827AB55B-7871-4D7A-BE55-17719CE89136}.Debug|Any CPU.Build.0 = Debug|Any CPU
		{827AB55B-7871-4D7A-BE55-17719CE89136}.Release|Any CPU.ActiveCfg = Release|Any CPU
		{827AB55B-7871-4D7A-BE55-17719CE89136}.Release|Any CPU.Build.0 = Release|Any CPU
	EndGlobalSection
	GlobalSection(SolutionProperties) = preSolution
		HideSolutionNode = FALSE
	EndGlobalSection
	GlobalSection(ExtensibilityGlobals) = postSolution
		SolutionGuid = {367A48D1-3939-447D-9470-BD2CBFAE6FA6}
	EndGlobalSection
EndGlobal
